// !$*UTF8*$!
{
	archiveVersion = 1;
	classes = {
	};
	objectVersion = 48;
	objects = {

/* Begin PBXBuildFile section */
		28FEAAD4200CA40900080D97 /* AppDelegate.m in Sources */ = {isa = PBXBuildFile; fileRef = 28FEAAD3200CA40900080D97 /* AppDelegate.m */; };
		28FEAADA200CA40900080D97 /* Main.storyboard in Resources */ = {isa = PBXBuildFile; fileRef = 28FEAAD8200CA40900080D97 /* Main.storyboard */; };
		28FEAADC200CA40900080D97 /* Assets.xcassets in Resources */ = {isa = PBXBuildFile; fileRef = 28FEAADB200CA40900080D97 /* Assets.xcassets */; };
		28FEAADF200CA40900080D97 /* LaunchScreen.storyboard in Resources */ = {isa = PBXBuildFile; fileRef = 28FEAADD200CA40900080D97 /* LaunchScreen.storyboard */; };
		28FEAAE2200CA40900080D97 /* main.m in Sources */ = {isa = PBXBuildFile; fileRef = 28FEAAE1200CA40900080D97 /* main.m */; };
		28FEAAEC200CA40900080D97 /* TabbarExTests.m in Sources */ = {isa = PBXBuildFile; fileRef = 28FEAAEB200CA40900080D97 /* TabbarExTests.m */; };
		28FEAAF7200CA40900080D97 /* TabbarExUITests.m in Sources */ = {isa = PBXBuildFile; fileRef = 28FEAAF6200CA40900080D97 /* TabbarExUITests.m */; };
		28FEAB06200CA77500080D97 /* FirstViewController.m in Sources */ = {isa = PBXBuildFile; fileRef = 28FEAB05200CA77500080D97 /* FirstViewController.m */; };
		28FEAB09200CAEF600080D97 /* SecondViewController.m in Sources */ = {isa = PBXBuildFile; fileRef = 28FEAB08200CAEF600080D97 /* SecondViewController.m */; };
		28FEAB0C200CAF0200080D97 /* ThridViewController.m in Sources */ = {isa = PBXBuildFile; fileRef = 28FEAB0B200CAF0200080D97 /* ThridViewController.m */; };
/* End PBXBuildFile section */

/* Begin PBXContainerItemProxy section */
		28FEAAE8200CA40900080D97 /* PBXContainerItemProxy */ = {
			isa = PBXContainerItemProxy;
			containerPortal = 28FEAAC7200CA40900080D97 /* Project object */;
			proxyType = 1;
			remoteGlobalIDString = 28FEAACE200CA40900080D97;
			remoteInfo = TabbarEx;
		};
		28FEAAF3200CA40900080D97 /* PBXContainerItemProxy */ = {
			isa = PBXContainerItemProxy;
			containerPortal = 28FEAAC7200CA40900080D97 /* Project object */;
			proxyType = 1;
			remoteGlobalIDString = 28FEAACE200CA40900080D97;
			remoteInfo = TabbarEx;
		};
/* End PBXContainerItemProxy section */

/* Begin PBXFileReference section */
		28FEAACF200CA40900080D97 /* TabbarEx.app */ = {isa = PBXFileReference; explicitFileType = wrapper.application; includeInIndex = 0; path = TabbarEx.app; sourceTree = BUILT_PRODUCTS_DIR; };
		28FEAAD2200CA40900080D97 /* AppDelegate.h */ = {isa = PBXFileReference; lastKnownFileType = sourcecode.c.h; path = AppDelegate.h; sourceTree = "<group>"; };
		28FEAAD3200CA40900080D97 /* AppDelegate.m */ = {isa = PBXFileReference; lastKnownFileType = sourcecode.c.objc; path = AppDelegate.m; sourceTree = "<group>"; };
		28FEAAD9200CA40900080D97 /* Base */ = {isa = PBXFileReference; lastKnownFileType = file.storyboard; name = Base; path = Base.lproj/Main.storyboard; sourceTree = "<group>"; };
		28FEAADB200CA40900080D97 /* Assets.xcassets */ = {isa = PBXFileReference; lastKnownFileType = folder.assetcatalog; path = Assets.xcassets; sourceTree = "<group>"; };
		28FEAADE200CA40900080D97 /* Base */ = {isa = PBXFileReference; lastKnownFileType = file.storyboard; name = Base; path = Base.lproj/LaunchScreen.storyboard; sourceTree = "<group>"; };
		28FEAAE0200CA40900080D97 /* Info.plist */ = {isa = PBXFileReference; lastKnownFileType = text.plist.xml; path = Info.plist; sourceTree = "<group>"; };
		28FEAAE1200CA40900080D97 /* main.m */ = {isa = PBXFileReference; lastKnownFileType = sourcecode.c.objc; path = main.m; sourceTree = "<group>"; };
		28FEAAE7200CA40900080D97 /* TabbarExTests.xctest */ = {isa = PBXFileReference; explicitFileType = wrapper.cfbundle; includeInIndex = 0; path = TabbarExTests.xctest; sourceTree = BUILT_PRODUCTS_DIR; };
		28FEAAEB200CA40900080D97 /* TabbarExTests.m */ = {isa = PBXFileReference; lastKnownFileType = sourcecode.c.objc; path = TabbarExTests.m; sourceTree = "<group>"; };
		28FEAAED200CA40900080D97 /* Info.plist */ = {isa = PBXFileReference; lastKnownFileType = text.plist.xml; path = Info.plist; sourceTree = "<group>"; };
		28FEAAF2200CA40900080D97 /* TabbarExUITests.xctest */ = {isa = PBXFileReference; explicitFileType = wrapper.cfbundle; includeInIndex = 0; path = TabbarExUITests.xctest; sourceTree = BUILT_PRODUCTS_DIR; };
		28FEAAF6200CA40900080D97 /* TabbarExUITests.m */ = {isa = PBXFileReference; lastKnownFileType = sourcecode.c.objc; path = TabbarExUITests.m; sourceTree = "<group>"; };
		28FEAAF8200CA40900080D97 /* Info.plist */ = {isa = PBXFileReference; lastKnownFileType = text.plist.xml; path = Info.plist; sourceTree = "<group>"; };
		28FEAB04200CA77500080D97 /* FirstViewController.h */ = {isa = PBXFileReference; lastKnownFileType = sourcecode.c.h; path = FirstViewController.h; sourceTree = "<group>"; };
		28FEAB05200CA77500080D97 /* FirstViewController.m */ = {isa = PBXFileReference; lastKnownFileType = sourcecode.c.objc; path = FirstViewController.m; sourceTree = "<group>"; };
		28FEAB07200CAEF600080D97 /* SecondViewController.h */ = {isa = PBXFileReference; lastKnownFileType = sourcecode.c.h; path = SecondViewController.h; sourceTree = "<group>"; };
		28FEAB08200CAEF600080D97 /* SecondViewController.m */ = {isa = PBXFileReference; lastKnownFileType = sourcecode.c.objc; path = SecondViewController.m; sourceTree = "<group>"; };
		28FEAB0A200CAF0200080D97 /* ThridViewController.h */ = {isa = PBXFileReference; lastKnownFileType = sourcecode.c.h; path = ThridViewController.h; sourceTree = "<group>"; };
		28FEAB0B200CAF0200080D97 /* ThridViewController.m */ = {isa = PBXFileReference; lastKnownFileType = sourcecode.c.objc; path = ThridViewController.m; sourceTree = "<group>"; };
/* End PBXFileReference section */

/* Begin PBXFrameworksBuildPhase section */
		28FEAACC200CA40900080D97 /* Frameworks */ = {
			isa = PBXFrameworksBuildPhase;
			buildActionMask = 2147483647;
			files = (
			);
			runOnlyForDeploymentPostprocessing = 0;
		};
		28FEAAE4200CA40900080D97 /* Frameworks */ = {
			isa = PBXFrameworksBuildPhase;
			buildActionMask = 2147483647;
			files = (
			);
			runOnlyForDeploymentPostprocessing = 0;
		};
		28FEAAEF200CA40900080D97 /* Frameworks */ = {
			isa = PBXFrameworksBuildPhase;
			buildActionMask = 2147483647;
			files = (
			);
			runOnlyForDeploymentPostprocessing = 0;
		};
/* End PBXFrameworksBuildPhase section */

/* Begin PBXGroup section */
		28FEAAC6200CA40900080D97 = {
			isa = PBXGroup;
			children = (
				28FEAAD1200CA40900080D97 /* TabbarEx */,
				28FEAAEA200CA40900080D97 /* TabbarExTests */,
				28FEAAF5200CA40900080D97 /* TabbarExUITests */,
				28FEAAD0200CA40900080D97 /* Products */,
			);
			sourceTree = "<group>";
		};
		28FEAAD0200CA40900080D97 /* Products */ = {
			isa = PBXGroup;
			children = (
				28FEAACF200CA40900080D97 /* TabbarEx.app */,
				28FEAAE7200CA40900080D97 /* TabbarExTests.xctest */,
				28FEAAF2200CA40900080D97 /* TabbarExUITests.xctest */,
			);
			name = Products;
			sourceTree = "<group>";
		};
		28FEAAD1200CA40900080D97 /* TabbarEx */ = {
			isa = PBXGroup;
			children = (
				28FEAB04200CA77500080D97 /* FirstViewController.h */,
				28FEAB05200CA77500080D97 /* FirstViewController.m */,
				28FEAB07200CAEF600080D97 /* SecondViewController.h */,
				28FEAB08200CAEF600080D97 /* SecondViewController.m */,
				28FEAB0A200CAF0200080D97 /* ThridViewController.h */,
				28FEAB0B200CAF0200080D97 /* ThridViewController.m */,
				28FEAAD2200CA40900080D97 /* AppDelegate.h */,
				28FEAAD3200CA40900080D97 /* AppDelegate.m */,
				28FEAAD8200CA40900080D97 /* Main.storyboard */,
				28FEAADB200CA40900080D97 /* Assets.xcassets */,
				28FEAADD200CA40900080D97 /* LaunchScreen.storyboard */,
				28FEAAE0200CA40900080D97 /* Info.plist */,
				28FEAAE1200CA40900080D97 /* main.m */,
			);
			path = TabbarEx;
			sourceTree = "<group>";
		};
		28FEAAEA200CA40900080D97 /* TabbarExTests */ = {
			isa = PBXGroup;
			children = (
				28FEAAEB200CA40900080D97 /* TabbarExTests.m */,
				28FEAAED200CA40900080D97 /* Info.plist */,
			);
			path = TabbarExTests;
			sourceTree = "<group>";
		};
		28FEAAF5200CA40900080D97 /* TabbarExUITests */ = {
			isa = PBXGroup;
			children = (
				28FEAAF6200CA40900080D97 /* TabbarExUITests.m */,
				28FEAAF8200CA40900080D97 /* Info.plist */,
			);
			path = TabbarExUITests;
			sourceTree = "<group>";
		};
/* End PBXGroup section */

/* Begin PBXNativeTarget section */
		28FEAACE200CA40900080D97 /* TabbarEx */ = {
			isa = PBXNativeTarget;
			buildConfigurationList = 28FEAAFB200CA40900080D97 /* Build configuration list for PBXNativeTarget "TabbarEx" */;
			buildPhases = (
				28FEAACB200CA40900080D97 /* Sources */,
				28FEAACC200CA40900080D97 /* Frameworks */,
				28FEAACD200CA40900080D97 /* Resources */,
			);
			buildRules = (
			);
			dependencies = (
			);
			name = TabbarEx;
			productName = TabbarEx;
			productReference = 28FEAACF200CA40900080D97 /* TabbarEx.app */;
			productType = "com.apple.product-type.application";
		};
		28FEAAE6200CA40900080D97 /* TabbarExTests */ = {
			isa = PBXNativeTarget;
			buildConfigurationList = 28FEAAFE200CA40900080D97 /* Build configuration list for PBXNativeTarget "TabbarExTests" */;
			buildPhases = (
				28FEAAE3200CA40900080D97 /* Sources */,
				28FEAAE4200CA40900080D97 /* Frameworks */,
				28FEAAE5200CA40900080D97 /* Resources */,
			);
			buildRules = (
			);
			dependencies = (
				28FEAAE9200CA40900080D97 /* PBXTargetDependency */,
			);
			name = TabbarExTests;
			productName = TabbarExTests;
			productReference = 28FEAAE7200CA40900080D97 /* TabbarExTests.xctest */;
			productType = "com.apple.product-type.bundle.unit-test";
		};
		28FEAAF1200CA40900080D97 /* TabbarExUITests */ = {
			isa = PBXNativeTarget;
			buildConfigurationList = 28FEAB01200CA40900080D97 /* Build configuration list for PBXNativeTarget "TabbarExUITests" */;
			buildPhases = (
				28FEAAEE200CA40900080D97 /* Sources */,
				28FEAAEF200CA40900080D97 /* Frameworks */,
				28FEAAF0200CA40900080D97 /* Resources */,
			);
			buildRules = (
			);
			dependencies = (
				28FEAAF4200CA40900080D97 /* PBXTargetDependency */,
			);
			name = TabbarExUITests;
			productName = TabbarExUITests;
			productReference = 28FEAAF2200CA40900080D97 /* TabbarExUITests.xctest */;
			productType = "com.apple.product-type.bundle.ui-testing";
		};
/* End PBXNativeTarget section */

/* Begin PBXProject section */
		28FEAAC7200CA40900080D97 /* Project object */ = {
			isa = PBXProject;
			attributes = {
				LastUpgradeCheck = 0920;
				ORGANIZATIONNAME = hklee;
				TargetAttributes = {
					28FEAACE200CA40900080D97 = {
						CreatedOnToolsVersion = 9.2;
						ProvisioningStyle = Automatic;
					};
					28FEAAE6200CA40900080D97 = {
						CreatedOnToolsVersion = 9.2;
						ProvisioningStyle = Automatic;
						TestTargetID = 28FEAACE200CA40900080D97;
					};
					28FEAAF1200CA40900080D97 = {
						CreatedOnToolsVersion = 9.2;
						ProvisioningStyle = Automatic;
						TestTargetID = 28FEAACE200CA40900080D97;
					};
				};
			};
			buildConfigurationList = 28FEAACA200CA40900080D97 /* Build configuration list for PBXProject "TabbarEx" */;
			compatibilityVersion = "Xcode 8.0";
			developmentRegion = en;
			hasScannedForEncodings = 0;
			knownRegions = (
				en,
				Base,
			);
			mainGroup = 28FEAAC6200CA40900080D97;
			productRefGroup = 28FEAAD0200CA40900080D97 /* Products */;
			projectDirPath = "";
			projectRoot = "";
			targets = (
				28FEAACE200CA40900080D97 /* TabbarEx */,
				28FEAAE6200CA40900080D97 /* TabbarExTests */,
				28FEAAF1200CA40900080D97 /* TabbarExUITests */,
			);
		};
/* End PBXProject section */

/* Begin PBXResourcesBuildPhase section */
		28FEAACD200CA40900080D97 /* Resources */ = {
			isa = PBXResourcesBuildPhase;
			buildActionMask = 2147483647;
			files = (
				28FEAADF200CA40900080D97 /* LaunchScreen.storyboard in Resources */,
				28FEAADC200CA40900080D97 /* Assets.xcassets in Resources */,
				28FEAADA200CA40900080D97 /* Main.storyboard in Resources */,
			);
			runOnlyForDeploymentPostprocessing = 0;
		};
		28FEAAE5200CA40900080D97 /* Resources */ = {
			isa = PBXResourcesBuildPhase;
			buildActionMask = 2147483647;
			files = (
			);
			runOnlyForDeploymentPostprocessing = 0;
		};
		28FEAAF0200CA40900080D97 /* Resources */ = {
			isa = PBXResourcesBuildPhase;
			buildActionMask = 2147483647;
			files = (
			);
			runOnlyForDeploymentPostprocessing = 0;
		};
/* End PBXResourcesBuildPhase section */

/* Begin PBXSourcesBuildPhase section */
		28FEAACB200CA40900080D97 /* Sources */ = {
			isa = PBXSourcesBuildPhase;
			buildActionMask = 2147483647;
			files = (
				28FEAB0C200CAF0200080D97 /* ThridViewController.m in Sources */,
				28FEAB09200CAEF600080D97 /* SecondViewController.m in Sources */,
				28FEAAE2200CA40900080D97 /* main.m in Sources */,
				28FEAB06200CA77500080D97 /* FirstViewController.m in Sources */,
				28FEAAD4200CA40900080D97 /* AppDelegate.m in Sources */,
			);
			runOnlyForDeploymentPostprocessing = 0;
		};
		28FEAAE3200CA40900080D97 /* Sources */ = {
			isa = PBXSourcesBuildPhase;
			buildActionMask = 2147483647;
			files = (
				28FEAAEC200CA40900080D97 /* TabbarExTests.m in Sources */,
			);
			runOnlyForDeploymentPostprocessing = 0;
		};
		28FEAAEE200CA40900080D97 /* Sources */ = {
			isa = PBXSourcesBuildPhase;
			buildActionMask = 2147483647;
			files = (
				28FEAAF7200CA40900080D97 /* TabbarExUITests.m in Sources */,
			);
			runOnlyForDeploymentPostprocessing = 0;
		};
/* End PBXSourcesBuildPhase section */

/* Begin PBXTargetDependency section */
		28FEAAE9200CA40900080D97 /* PBXTargetDependency */ = {
			isa = PBXTargetDependency;
			target = 28FEAACE200CA40900080D97 /* TabbarEx */;
			targetProxy = 28FEAAE8200CA40900080D97 /* PBXContainerItemProxy */;
		};
		28FEAAF4200CA40900080D97 /* PBXTargetDependency */ = {
			isa = PBXTargetDependency;
			target = 28FEAACE200CA40900080D97 /* TabbarEx */;
			targetProxy = 28FEAAF3200CA40900080D97 /* PBXContainerItemProxy */;
		};
/* End PBXTargetDependency section */

/* Begin PBXVariantGroup section */
		28FEAAD8200CA40900080D97 /* Main.storyboard */ = {
			isa = PBXVariantGroup;
			children = (
				28FEAAD9200CA40900080D97 /* Base */,
			);
			name = Main.storyboard;
			sourceTree = "<group>";
		};
		28FEAADD200CA40900080D97 /* LaunchScreen.storyboard */ = {
			isa = PBXVariantGroup;
			children = (
				28FEAADE200CA40900080D97 /* Base */,
			);
			name = LaunchScreen.storyboard;
			sourceTree = "<group>";
		};
/* End PBXVariantGroup section */

/* Begin XCBuildConfiguration section */
		28FEAAF9200CA40900080D97 /* Debug */ = {
			isa = XCBuildConfiguration;
			buildSettings = {
				ALWAYS_SEARCH_USER_PATHS = NO;
				CLANG_ANALYZER_NONNULL = YES;
				CLANG_ANALYZER_NUMBER_OBJECT_CONVERSION = YES_AGGRESSIVE;
				CLANG_CXX_LANGUAGE_STANDARD = "gnu++14";
				CLANG_CXX_LIBRARY = "libc++";
				CLANG_ENABLE_MODULES = YES;
				CLANG_ENABLE_OBJC_ARC = YES;
				CLANG_WARN_BLOCK_CAPTURE_AUTORELEASING = YES;
				CLANG_WARN_BOOL_CONVERSION = YES;
				CLANG_WARN_COMMA = YES;
				CLANG_WARN_CONSTANT_CONVERSION = YES;
				CLANG_WARN_DIRECT_OBJC_ISA_USAGE = YES_ERROR;
				CLANG_WARN_DOCUMENTATION_COMMENTS = YES;
				CLANG_WARN_EMPTY_BODY = YES;
				CLANG_WARN_ENUM_CONVERSION = YES;
				CLANG_WARN_INFINITE_RECURSION = YES;
				CLANG_WARN_INT_CONVERSION = YES;
				CLANG_WARN_NON_LITERAL_NULL_CONVERSION = YES;
				CLANG_WARN_OBJC_LITERAL_CONVERSION = YES;
				CLANG_WARN_OBJC_ROOT_CLASS = YES_ERROR;
				CLANG_WARN_RANGE_LOOP_ANALYSIS = YES;
				CLANG_WARN_STRICT_PROTOTYPES = YES;
				CLANG_WARN_SUSPICIOUS_MOVE = YES;
				CLANG_WARN_UNGUARDED_AVAILABILITY = YES_AGGRESSIVE;
				CLANG_WARN_UNREACHABLE_CODE = YES;
				CLANG_WARN__DUPLICATE_METHOD_MATCH = YES;
				CODE_SIGN_IDENTITY = "iPhone Developer";
				COPY_PHASE_STRIP = NO;
				DEBUG_INFORMATION_FORMAT = dwarf;
				ENABLE_STRICT_OBJC_MSGSEND = YES;
				ENABLE_TESTABILITY = YES;
				GCC_C_LANGUAGE_STANDARD = gnu11;
				GCC_DYNAMIC_NO_PIC = NO;
				GCC_NO_COMMON_BLOCKS = YES;
				GCC_OPTIMIZATION_LEVEL = 0;
				GCC_PREPROCESSOR_DEFINITIONS = (
					"DEBUG=1",
					"$(inherited)",
				);
				GCC_WARN_64_TO_32_BIT_CONVERSION = YES;
				GCC_WARN_ABOUT_RETURN_TYPE = YES_ERROR;
				GCC_WARN_UNDECLARED_SELECTOR = YES;
				GCC_WARN_UNINITIALIZED_AUTOS = YES_AGGRESSIVE;
				GCC_WARN_UNUSED_FUNCTION = YES;
				GCC_WARN_UNUSED_VARIABLE = YES;
				IPHONEOS_DEPLOYMENT_TARGET = 11.2;
				MTL_ENABLE_DEBUG_INFO = YES;
				ONLY_ACTIVE_ARCH = YES;
				SDKROOT = iphoneos;
			};
			name = Debug;
		};
		28FEAAFA200CA40900080D97 /* Release */ = {
			isa = XCBuildConfiguration;
			buildSettings = {
				ALWAYS_SEARCH_USER_PATHS = NO;
				CLANG_ANALYZER_NONNULL = YES;
				CLANG_ANALYZER_NUMBER_OBJECT_CONVERSION = YES_AGGRESSIVE;
				CLANG_CXX_LANGUAGE_STANDARD = "gnu++14";
				CLANG_CXX_LIBRARY = "libc++";
				CLANG_ENABLE_MODULES = YES;
				CLANG_ENABLE_OBJC_ARC = YES;
				CLANG_WARN_BLOCK_CAPTURE_AUTORELEASING = YES;
				CLANG_WARN_BOOL_CONVERSION = YES;
				CLANG_WARN_COMMA = YES;
				CLANG_WARN_CONSTANT_CONVERSION = YES;
				CLANG_WARN_DIRECT_OBJC_ISA_USAGE = YES_ERROR;
				CLANG_WARN_DOCUMENTATION_COMMENTS = YES;
				CLANG_WARN_EMPTY_BODY = YES;
				CLANG_WARN_ENUM_CONVERSION = YES;
				CLANG_WARN_INFINITE_RECURSION = YES;
				CLANG_WARN_INT_CONVERSION = YES;
				CLANG_WARN_NON_LITERAL_NULL_CONVERSION = YES;
				CLANG_WARN_OBJC_LITERAL_CONVERSION = YES;
				CLANG_WARN_OBJC_ROOT_CLASS = YES_ERROR;
				CLANG_WARN_RANGE_LOOP_ANALYSIS = YES;
				CLANG_WARN_STRICT_PROTOTYPES = YES;
				CLANG_WARN_SUSPICIOUS_MOVE = YES;
				CLANG_WARN_UNGUARDED_AVAILABILITY = YES_AGGRESSIVE;
				CLANG_WARN_UNREACHABLE_CODE = YES;
				CLANG_WARN__DUPLICATE_METHOD_MATCH = YES;
				CODE_SIGN_IDENTITY = "iPhone Developer";
				COPY_PHASE_STRIP = NO;
				DEBUG_INFORMATION_FORMAT = "dwarf-with-dsym";
				ENABLE_NS_ASSERTIONS = NO;
				ENABLE_STRICT_OBJC_MSGSEND = YES;
				GCC_C_LANGUAGE_STANDARD = gnu11;
				GCC_NO_COMMON_BLOCKS = YES;
				GCC_WARN_64_TO_32_BIT_CONVERSION = YES;
				GCC_WARN_ABOUT_RETURN_TYPE = YES_ERROR;
				GCC_WARN_UNDECLARED_SELECTOR = YES;
				GCC_WARN_UNINITIALIZED_AUTOS = YES_AGGRESSIVE;
				GCC_WARN_UNUSED_FUNCTION = YES;
				GCC_WARN_UNUSED_VARIABLE = YES;
				IPHONEOS_DEPLOYMENT_TARGET = 11.2;
				MTL_ENABLE_DEBUG_INFO = NO;
				SDKROOT = iphoneos;
				VALIDATE_PRODUCT = YES;
			};
			name = Release;
		};
		28FEAAFC200CA40900080D97 /* Debug */ = {
			isa = XCBuildConfiguration;
			buildSettings = {
				ASSETCATALOG_COMPILER_APPICON_NAME = AppIcon;
				CODE_SIGN_STYLE = Automatic;
				DEVELOPMENT_TEAM = HNZCE93576;
				INFOPLIST_FILE = TabbarEx/Info.plist;
				LD_RUNPATH_SEARCH_PATHS = "$(inherited) @executable_path/Frameworks";
				PRODUCT_BUNDLE_IDENTIFIER = hklee.sample.TabbarEx;
				PRODUCT_NAME = "$(TARGET_NAME)";
				TARGETED_DEVICE_FAMILY = "1,2";
			};
			name = Debug;
		};
		28FEAAFD200CA40900080D97 /* Release */ = {
			isa = XCBuildConfiguration;
			buildSettings = {
				ASSETCATALOG_COMPILER_APPICON_NAME = AppIcon;
				CODE_SIGN_STYLE = Automatic;
				DEVELOPMENT_TEAM = HNZCE93576;
				INFOPLIST_FILE = TabbarEx/Info.plist;
				LD_RUNPATH_SEARCH_PATHS = "$(inherited) @executable_path/Frameworks";
				PRODUCT_BUNDLE_IDENTIFIER = hklee.sample.TabbarEx;
				PRODUCT_NAME = "$(TARGET_NAME)";
				TARGETED_DEVICE_FAMILY = "1,2";
			};
			name = Release;
		};
		28FEAAFF200CA40900080D97 /* Debug */ = {
			isa = XCBuildConfiguration;
			buildSettings = {
				BUNDLE_LOADER = "$(TEST_HOST)";
				CODE_SIGN_STYLE = Automatic;
				INFOPLIST_FILE = TabbarExTests/Info.plist;
				LD_RUNPATH_SEARCH_PATHS = "$(inherited) @executable_path/Frameworks @loader_path/Frameworks";
				PRODUCT_BUNDLE_IDENTIFIER = hklee.sample.TabbarExTests;
				PRODUCT_NAME = "$(TARGET_NAME)";
				TARGETED_DEVICE_FAMILY = "1,2";
				TEST_HOST = "$(BUILT_PRODUCTS_DIR)/TabbarEx.app/TabbarEx";
			};
			name = Debug;
		};
		28FEAB00200CA40900080D97 /* Release */ = {
			isa = XCBuildConfiguration;
			buildSettings = {
				BUNDLE_LOADER = "$(TEST_HOST)";
				CODE_SIGN_STYLE = Automatic;
				INFOPLIST_FILE = TabbarExTests/Info.plist;
				LD_RUNPATH_SEARCH_PATHS = "$(inherited) @executable_path/Frameworks @loader_path/Frameworks";
				PRODUCT_BUNDLE_IDENTIFIER = hklee.sample.TabbarExTests;
				PRODUCT_NAME = "$(TARGET_NAME)";
				TARGETED_DEVICE_FAMILY = "1,2";
				TEST_HOST = "$(BUILT_PRODUCTS_DIR)/TabbarEx.app/TabbarEx";
			};
			name = Release;
		};
		28FEAB02200CA40900080D97 /* Debug */ = {
			isa = XCBuildConfiguration;
			buildSettings = {
				CODE_SIGN_STYLE = Automatic;
				INFOPLIST_FILE = TabbarExUITests/Info.plist;
				LD_RUNPATH_SEARCH_PATHS = "$(inherited) @executable_path/Frameworks @loader_path/Frameworks";
				PRODUCT_BUNDLE_IDENTIFIER = hklee.sample.TabbarExUITests;
				PRODUCT_NAME = "$(TARGET_NAME)";
				TARGETED_DEVICE_FAMILY = "1,2";
				TEST_TARGET_NAME = TabbarEx;
			};
			name = Debug;
		};
		28FEAB03200CA40900080D97 /* Release */ = {
			isa = XCBuildConfiguration;
			buildSettings = {
				CODE_SIGN_STYLE = Automatic;
				INFOPLIST_FILE = TabbarExUITests/Info.plist;
				LD_RUNPATH_SEARCH_PATHS = "$(inherited) @executable_path/Frameworks @loader_path/Frameworks";
				PRODUCT_BUNDLE_IDENTIFIER = hklee.sample.TabbarExUITests;
				PRODUCT_NAME = "$(TARGET_NAME)";
				TARGETED_DEVICE_FAMILY = "1,2";
				TEST_TARGET_NAME = TabbarEx;
			};
			name = Release;
		};
/* End XCBuildConfiguration section */

/* Begin XCConfigurationList section */
		28FEAACA200CA40900080D97 /* Build configuration list for PBXProject "TabbarEx" */ = {
			isa = XCConfigurationList;
			buildConfigurations = (
				28FEAAF9200CA40900080D97 /* Debug */,
				28FEAAFA200CA40900080D97 /* Release */,
			);
			defaultConfigurationIsVisible = 0;
			defaultConfigurationName = Release;
		};
		28FEAAFB200CA40900080D97 /* Build configuration list for PBXNativeTarget "TabbarEx" */ = {
			isa = XCConfigurationList;
			buildConfigurations = (
				28FEAAFC200CA40900080D97 /* Debug */,
				28FEAAFD200CA40900080D97 /* Release */,
			);
			defaultConfigurationIsVisible = 0;
			defaultConfigurationName = Release;
		};
		28FEAAFE200CA40900080D97 /* Build configuration list for PBXNativeTarget "TabbarExTests" */ = {
			isa = XCConfigurationList;
			buildConfigurations = (
				28FEAAFF200CA40900080D97 /* Debug */,
				28FEAB00200CA40900080D97 /* Release */,
			);
			defaultConfigurationIsVisible = 0;
			defaultConfigurationName = Release;
		};
		28FEAB01200CA40900080D97 /* Build configuration list for PBXNativeTarget "TabbarExUITests" */ = {
			isa = XCConfigurationList;
			buildConfigurations = (
				28FEAB02200CA40900080D97 /* Debug */,
				28FEAB03200CA40900080D97 /* Release */,
			);
			defaultConfigurationIsVisible = 0;
			defaultConfigurationName = Release;
		};
/* End XCConfigurationList section */
	};
	rootObject = 28FEAAC7200CA40900080D97 /* Project object */;
}
